
Microsoft Visual Studio Solution File, Format Version 12.00
# Visual Studio Version 16
VisualStudioVersion = 16.0.28803.352
MinimumVisualStudioVersion = 10.0.40219.1
Project("{FAE04EC0-301F-11D3-BF4B-00C04F79EFBC}") = "Jet Boi RD", "Jet Boi RD\Jet Boi RD.csproj", "{4E21758A-6B90-472C-96BE-1CA0A8290BE5}"
EndProject
Global
	GlobalSection(SolutionConfigurationPlatforms) = preSolution
		Debug|Any CPU = Debug|Any CPU
		Release|Any CPU = Release|Any CPU
	EndGlobalSection
	GlobalSection(ProjectConfigurationPlatforms) = postSolution
		{4E21758A-6B90-472C-96BE-1CA0A8290BE5}.Debug|Any CPU.ActiveCfg = Debug|Any CPU
		{4E21758A-6B90-472C-96BE-1CA0A8290BE5}.Debug|Any CPU.Build.0 = Debug|Any CPU
		{4E21758A-6B90-472C-96BE-1CA0A8290BE5}.Release|Any CPU.ActiveCfg = Release|Any CPU
		{4E21758A-6B90-472C-96BE-1CA0A8290BE5}.Release|Any CPU.Build.0 = Release|Any CPU
	EndGlobalSection
	GlobalSection(SolutionProperties) = preSolution
		HideSolutionNode = FALSE
	EndGlobalSection
	GlobalSection(ExtensibilityGlobals) = postSolution
		SolutionGuid = {10F34E84-1B1F-4973-9E0B-C35C085BEEA7}
	EndGlobalSection
EndGlobal
